
Microsoft Visual Studio Solution File, Format Version 12.00
# Visual Studio Version 16
VisualStudioVersion = 16.0.29215.179
MinimumVisualStudioVersion = 10.0.40219.1
Project("{FAE04EC0-301F-11D3-BF4B-00C04F79EFBC}") = "MediOps", "MediOps\MediOps.csproj", "{2FB9E44A-712A-4DAD-9F5D-E554FB20CD2E}"
EndProject
Global
	GlobalSection(SolutionConfigurationPlatforms) = preSolution
		Debug|Any CPU = Debug|Any CPU
		Release|Any CPU = Release|Any CPU
	EndGlobalSection
	GlobalSection(ProjectConfigurationPlatforms) = postSolution
		{2FB9E44A-712A-4DAD-9F5D-E554FB20CD2E}.Debug|Any CPU.ActiveCfg = Debug|Any CPU
		{2FB9E44A-712A-4DAD-9F5D-E554FB20CD2E}.Debug|Any CPU.Build.0 = Debug|Any CPU
		{2FB9E44A-712A-4DAD-9F5D-E554FB20CD2E}.Release|Any CPU.ActiveCfg = Release|Any CPU
		{2FB9E44A-712A-4DAD-9F5D-E554FB20CD2E}.Release|Any CPU.Build.0 = Release|Any CPU
	EndGlobalSection
	GlobalSection(SolutionProperties) = preSolution
		HideSolutionNode = FALSE
	EndGlobalSection
	GlobalSection(ExtensibilityGlobals) = postSolution
		SolutionGuid = {2A3A33DC-522C-4908-913D-29B26360697F}
	EndGlobalSection
EndGlobal
